{
  "name": "shiny-measure",
  "version": "1.0.0",
  "lockfileVersion": 2,
  "requires": true,
  "packages": {
    "": {
      "version": "1.0.0",
      "license": "ISC",
      "devDependencies": {
        "@types/react": "^17.0.27",
        "esbuild": "^0.13.3",
        "react": "^17.0.2",
        "react-charts": "^3.0.0-beta.33",
        "react-dom": "^17.0.2",
        "typescript": "^4.4.3"
      }
    },
    "node_modules/@babel/runtime": {
      "version": "7.15.4",
      "resolved": "https://registry.npmjs.org/@babel/runtime/-/runtime-7.15.4.tgz",
      "integrity": "sha512-99catp6bHCaxr4sJ/DbTGgHS4+Rs2RVd2g7iOap6SLGPDknRK9ztKNsE/Fg6QhSeh1FGE5f6gHGQmvvn3I3xhw==",
      "dev": true,
      "dependencies": {
        "regenerator-runtime": "^0.13.4"
      },
      "engines": {
        "node": ">=6.9.0"
      }
    },
    "node_modules/@reach/observe-rect": {
      "version": "1.2.0",
      "resolved": "https://registry.npmjs.org/@reach/observe-rect/-/observe-rect-1.2.0.tgz",
      "integrity": "sha512-Ba7HmkFgfQxZqqaeIWWkNK0rEhpxVQHIoVyW1YDSkGsGIXzcaW4deC8B0pZrNSSyLTdIk7y+5olKt5+g0GmFIQ==",
      "dev": true
    },
    "node_modules/@types/d3-array": {
      "version": "3.0.1",
      "resolved": "https://registry.npmjs.org/@types/d3-array/-/d3-array-3.0.1.tgz",
      "integrity": "sha512-D/G7oG0czeszALrkdUiV68CDiHDxXf+M2mLVqAyKktGd12VKQQljj1sHJGBKjcK4jRH1biBd6ZPQPHpJ0mNa0w==",
      "dev": true
    },
    "node_modules/@types/d3-path": {
      "version": "3.0.0",
      "resolved": "https://registry.npmjs.org/@types/d3-path/-/d3-path-3.0.0.tgz",
      "integrity": "sha512-0g/A+mZXgFkQxN3HniRDbXMN79K3CdTpLsevj+PXiTcb2hVyvkZUBg37StmgCQkaD84cUJ4uaDAWq7UJOQy2Tg==",
      "dev": true
    },
    "node_modules/@types/d3-scale": {
      "version": "4.0.1",
      "resolved": "https://registry.npmjs.org/@types/d3-scale/-/d3-scale-4.0.1.tgz",
      "integrity": "sha512-GDuXcRcR6mKcpUVMhPNttpOzHi2dP6YcDqLZYSZHgwTZ+sfCa8e9q0VEBwZomblAPNMYpVqxojnSyIEb4s/Pwg==",
      "dev": true,
      "dependencies": {
        "@types/d3-time": "*"
      }
    },
    "node_modules/@types/d3-shape": {
      "version": "3.0.2",
      "resolved": "https://registry.npmjs.org/@types/d3-shape/-/d3-shape-3.0.2.tgz",
      "integrity": "sha512-5+ButCmIfNX8id5seZ7jKj3igdcxx+S9IDBiT35fQGTLZUfkFgTv+oBH34xgeoWDKpWcMITSzBILWQtBoN5Piw==",
      "dev": true,
      "dependencies": {
        "@types/d3-path": "*"
      }
    },
    "node_modules/@types/d3-time": {
      "version": "3.0.0",
      "resolved": "https://registry.npmjs.org/@types/d3-time/-/d3-time-3.0.0.tgz",
      "integrity": "sha512-sZLCdHvBUcNby1cB6Fd3ZBrABbjz3v1Vm90nysCQ6Vt7vd6e/h9Lt7SiJUoEX0l4Dzc7P5llKyhqSi1ycSf1Hg==",
      "dev": true
    },
    "node_modules/@types/prop-types": {
      "version": "15.7.4",
      "resolved": "https://registry.npmjs.org/@types/prop-types/-/prop-types-15.7.4.tgz",
      "integrity": "sha512-rZ5drC/jWjrArrS8BR6SIr4cWpW09RNTYt9AMZo3Jwwif+iacXAqgVjm0B0Bv/S1jhDXKHqRVNCbACkJ89RAnQ==",
      "dev": true
    },
    "node_modules/@types/raf": {
      "version": "3.4.0",
      "resolved": "https://registry.npmjs.org/@types/raf/-/raf-3.4.0.tgz",
      "integrity": "sha512-taW5/WYqo36N7V39oYyHP9Ipfd5pNFvGTIQsNGj86xV88YQ7GnI30/yMfKDF7Zgin0m3e+ikX88FvImnK4RjGw==",
      "dev": true
    },
    "node_modules/@types/react": {
      "version": "17.0.27",
      "resolved": "https://registry.npmjs.org/@types/react/-/react-17.0.27.tgz",
      "integrity": "sha512-zgiJwtsggVGtr53MndV7jfiUESTqrbxOcBvwfe6KS/9bzaVPCTDieTWnFNecVNx6EAaapg5xsLLWFfHHR437AA==",
      "dev": true,
      "dependencies": {
        "@types/prop-types": "*",
        "@types/scheduler": "*",
        "csstype": "^3.0.2"
      }
    },
    "node_modules/@types/react-dom": {
      "version": "17.0.9",
      "resolved": "https://registry.npmjs.org/@types/react-dom/-/react-dom-17.0.9.tgz",
      "integrity": "sha512-wIvGxLfgpVDSAMH5utdL9Ngm5Owu0VsGmldro3ORLXV8CShrL8awVj06NuEXFQ5xyaYfdca7Sgbk/50Ri1GdPg==",
      "dev": true,
      "dependencies": {
        "@types/react": "*"
      }
    },
    "node_modules/@types/scheduler": {
      "version": "0.16.2",
      "resolved": "https://registry.npmjs.org/@types/scheduler/-/scheduler-0.16.2.tgz",
      "integrity": "sha512-hppQEBDmlwhFAXKJX2KnWLYu5yMfi91yazPb2l+lbJiwW+wdo1gNeRA+3RgNSO39WYX2euey41KEwnqesU2Jew==",
      "dev": true
    },
    "node_modules/csstype": {
      "version": "3.0.9",
      "resolved": "https://registry.npmjs.org/csstype/-/csstype-3.0.9.tgz",
      "integrity": "sha512-rpw6JPxK6Rfg1zLOYCSwle2GFOOsnjmDYDaBwEcwoOg4qlsIVCN789VkBZDJAGi4T07gI4YSutR43t9Zz4Lzuw==",
      "dev": true
    },
    "node_modules/d3-array": {
      "version": "2.12.1",
      "resolved": "https://registry.npmjs.org/d3-array/-/d3-array-2.12.1.tgz",
      "integrity": "sha512-B0ErZK/66mHtEsR1TkPEEkwdy+WDesimkM5gpZr5Dsg54BiTA5RXtYW5qTLIAcekaS9xfZrzBLF/OAkB3Qn1YQ==",
      "dev": true,
      "dependencies": {
        "internmap": "^1.0.0"
      }
    },
    "node_modules/d3-color": {
      "version": "2.0.0",
      "resolved": "https://registry.npmjs.org/d3-color/-/d3-color-2.0.0.tgz",
      "integrity": "sha512-SPXi0TSKPD4g9tw0NMZFnR95XVgUZiBH+uUTqQuDu1OsE2zomHU7ho0FISciaPvosimixwHFl3WHLGabv6dDgQ==",
      "dev": true
    },
    "node_modules/d3-delaunay": {
      "version": "5.3.0",
      "resolved": "https://registry.npmjs.org/d3-delaunay/-/d3-delaunay-5.3.0.tgz",
      "integrity": "sha512-amALSrOllWVLaHTnDLHwMIiz0d1bBu9gZXd1FiLfXf8sHcX9jrcj81TVZOqD4UX7MgBZZ07c8GxzEgBpJqc74w==",
      "dev": true,
      "dependencies": {
        "delaunator": "4"
      }
    },
    "node_modules/d3-format": {
      "version": "2.0.0",
      "resolved": "https://registry.npmjs.org/d3-format/-/d3-format-2.0.0.tgz",
      "integrity": "sha512-Ab3S6XuE/Q+flY96HXT0jOXcM4EAClYFnRGY5zsjRGNy6qCYrQsMffs7cV5Q9xejb35zxW5hf/guKw34kvIKsA==",
      "dev": true
    },
    "node_modules/d3-interpolate": {
      "version": "2.0.1",
      "resolved": "https://registry.npmjs.org/d3-interpolate/-/d3-interpolate-2.0.1.tgz",
      "integrity": "sha512-c5UhwwTs/yybcmTpAVqwSFl6vrQ8JZJoT5F7xNFK9pymv5C0Ymcc9/LIJHtYIggg/yS9YHw8i8O8tgb9pupjeQ==",
      "dev": true,
      "dependencies": {
        "d3-color": "1 - 2"
      }
    },
    "node_modules/d3-path": {
      "version": "2.0.0",
      "resolved": "https://registry.npmjs.org/d3-path/-/d3-path-2.0.0.tgz",
      "integrity": "sha512-ZwZQxKhBnv9yHaiWd6ZU4x5BtCQ7pXszEV9CU6kRgwIQVQGLMv1oiL4M+MK/n79sYzsj+gcgpPQSctJUsLN7fA==",
      "dev": true
    },
    "node_modules/d3-scale": {
      "version": "3.3.0",
      "resolved": "https://registry.npmjs.org/d3-scale/-/d3-scale-3.3.0.tgz",
      "integrity": "sha512-1JGp44NQCt5d1g+Yy+GeOnZP7xHo0ii8zsQp6PGzd+C1/dl0KGsp9A7Mxwp+1D1o4unbTTxVdU/ZOIEBoeZPbQ==",
      "dev": true,
      "dependencies": {
        "d3-array": "^2.3.0",
        "d3-format": "1 - 2",
        "d3-interpolate": "1.2.0 - 2",
        "d3-time": "^2.1.1",
        "d3-time-format": "2 - 3"
      }
    },
    "node_modules/d3-shape": {
      "version": "2.1.0",
      "resolved": "https://registry.npmjs.org/d3-shape/-/d3-shape-2.1.0.tgz",
      "integrity": "sha512-PnjUqfM2PpskbSLTJvAzp2Wv4CZsnAgTfcVRTwW03QR3MkXF8Uo7B1y/lWkAsmbKwuecto++4NlsYcvYpXpTHA==",
      "dev": true,
      "dependencies": {
        "d3-path": "1 - 2"
      }
    },
    "node_modules/d3-time": {
      "version": "2.1.1",
      "resolved": "https://registry.npmjs.org/d3-time/-/d3-time-2.1.1.tgz",
      "integrity": "sha512-/eIQe/eR4kCQwq7yxi7z4c6qEXf2IYGcjoWB5OOQy4Tq9Uv39/947qlDcN2TLkiTzQWzvnsuYPB9TrWaNfipKQ==",
      "dev": true,
      "dependencies": {
        "d3-array": "2"
      }
    },
    "node_modules/d3-time-format": {
      "version": "3.0.0",
      "resolved": "https://registry.npmjs.org/d3-time-format/-/d3-time-format-3.0.0.tgz",
      "integrity": "sha512-UXJh6EKsHBTjopVqZBhFysQcoXSv/5yLONZvkQ5Kk3qbwiUYkdX17Xa1PT6U1ZWXGGfB1ey5L8dKMlFq2DO0Ag==",
      "dev": true,
      "dependencies": {
        "d3-time": "1 - 2"
      }
    },
    "node_modules/delaunator": {
      "version": "4.0.1",
      "resolved": "https://registry.npmjs.org/delaunator/-/delaunator-4.0.1.tgz",
      "integrity": "sha512-WNPWi1IRKZfCt/qIDMfERkDp93+iZEmOxN2yy4Jg+Xhv8SLk2UTqqbe1sfiipn0and9QrE914/ihdx82Y/Giag==",
      "dev": true
    },
    "node_modules/esbuild": {
      "version": "0.13.3",
      "resolved": "https://registry.npmjs.org/esbuild/-/esbuild-0.13.3.tgz",
      "integrity": "sha512-98xovMLKnyhv3gcReUuAEi5Ig1rK6SIgvsJuBIcfwzqGSEHsV8UJjMlmkhHoHMf9XZybMpE9Zax8AA8f7i2hlQ==",
      "dev": true,
      "hasInstallScript": true,
      "bin": {
        "esbuild": "bin/esbuild"
      },
      "optionalDependencies": {
        "esbuild-android-arm64": "0.13.3",
        "esbuild-darwin-64": "0.13.3",
        "esbuild-darwin-arm64": "0.13.3",
        "esbuild-freebsd-64": "0.13.3",
        "esbuild-freebsd-arm64": "0.13.3",
        "esbuild-linux-32": "0.13.3",
        "esbuild-linux-64": "0.13.3",
        "esbuild-linux-arm": "0.13.3",
        "esbuild-linux-arm64": "0.13.3",
        "esbuild-linux-mips64le": "0.13.3",
        "esbuild-linux-ppc64le": "0.13.3",
        "esbuild-openbsd-64": "0.13.3",
        "esbuild-sunos-64": "0.13.3",
        "esbuild-windows-32": "0.13.3",
        "esbuild-windows-64": "0.13.3",
        "esbuild-windows-arm64": "0.13.3"
      }
    },
    "node_modules/esbuild-android-arm64": {
      "version": "0.13.3",
      "resolved": "https://registry.npmjs.org/esbuild-android-arm64/-/esbuild-android-arm64-0.13.3.tgz",
      "integrity": "sha512-jc9E8vGTHkzb0Vwl74H8liANV9BWsqtzLHaKvcsRgf1M+aVCBSF0gUheduAKfDsbDMT0judeMLhwBP34EUesTA==",
      "cpu": [
        "arm64"
      ],
      "dev": true,
      "optional": true,
      "os": [
        "android"
      ]
    },
    "node_modules/esbuild-darwin-64": {
      "version": "0.13.3",
      "resolved": "https://registry.npmjs.org/esbuild-darwin-64/-/esbuild-darwin-64-0.13.3.tgz",
      "integrity": "sha512-8bG3Zq+ZNuLlIJebOO2+weI7P2LVf33sOzaUfHj8MuJ+1Ixe4KtQxfYp7qhFnP6xP2ToJaYHxGUfLeiUCEz9hw==",
      "cpu": [
        "x64"
      ],
      "dev": true,
      "optional": true,
      "os": [
        "darwin"
      ]
    },
    "node_modules/esbuild-darwin-arm64": {
      "version": "0.13.3",
      "resolved": "https://registry.npmjs.org/esbuild-darwin-arm64/-/esbuild-darwin-arm64-0.13.3.tgz",
      "integrity": "sha512-5E81eImYtTgh8pY7Gq4WQHhWkR/LvYadUXmuYeZBiP+3ADZJZcG60UFceZrjqNPaFOWKr/xmh4aNocwagEubcA==",
      "cpu": [
        "arm64"
      ],
      "dev": true,
      "optional": true,
      "os": [
        "darwin"
      ]
    },
    "node_modules/esbuild-freebsd-64": {
      "version": "0.13.3",
      "resolved": "https://registry.npmjs.org/esbuild-freebsd-64/-/esbuild-freebsd-64-0.13.3.tgz",
      "integrity": "sha512-ou+f91KkTGexi8HvF/BdtsITL6plbciQfZGys7QX6/QEwyE96PmL5KnU6ZQwoU7E99Ts6Sc9bUDq8HXJubKtBA==",
      "cpu": [
        "x64"
      ],
      "dev": true,
      "optional": true,
      "os": [
        "freebsd"
      ]
    },
    "node_modules/esbuild-freebsd-arm64": {
      "version": "0.13.3",
      "resolved": "https://registry.npmjs.org/esbuild-freebsd-arm64/-/esbuild-freebsd-arm64-0.13.3.tgz",
      "integrity": "sha512-F1zV7nySjHswJuvIgjkiG5liZ63MeazDGXGKViTCeegjZ71sAhOChcaGhKcu6vq9+vqZxlfEi1fmXlx6Pc3coQ==",
      "cpu": [
        "arm64"
      ],
      "dev": true,
      "optional": true,
      "os": [
        "freebsd"
      ]
    },
    "node_modules/esbuild-linux-32": {
      "version": "0.13.3",
      "resolved": "https://registry.npmjs.org/esbuild-linux-32/-/esbuild-linux-32-0.13.3.tgz",
      "integrity": "sha512-mHHc2v6uLrHH4zaaq5RB/5IWzgimEJ1HGldzf1qtGI513KZWfH0HRRQ8p1di4notJgBn7tDzWQ1f34ZHy69viQ==",
      "cpu": [
        "ia32"
      ],
      "dev": true,
      "optional": true,
      "os": [
        "linux"
      ]
    },
    "node_modules/esbuild-linux-64": {
      "version": "0.13.3",
      "resolved": "https://registry.npmjs.org/esbuild-linux-64/-/esbuild-linux-64-0.13.3.tgz",
      "integrity": "sha512-FJ1De2O89mrOuqtaEXu41qIYJU6R41F+OA6vheNwcAQcX8fu0aiA13FJeLABq29BYJuTVgRj3cyC8q+tz19/dQ==",
      "cpu": [
        "x64"
      ],
      "dev": true,
      "optional": true,
      "os": [
        "linux"
      ]
    },
    "node_modules/esbuild-linux-arm": {
      "version": "0.13.3",
      "resolved": "https://registry.npmjs.org/esbuild-linux-arm/-/esbuild-linux-arm-0.13.3.tgz",
      "integrity": "sha512-9BJNRtLwBh3OP22cln9g3AJdbAQUcjRHqA4BScx9k4RZpGqPokFr548zpeplxWhcwrIjT8qPebwH9CrRVy8Bsw==",
      "cpu": [
        "arm"
      ],
      "dev": true,
      "optional": true,
      "os": [
        "linux"
      ]
    },
    "node_modules/esbuild-linux-arm64": {
      "version": "0.13.3",
      "resolved": "https://registry.npmjs.org/esbuild-linux-arm64/-/esbuild-linux-arm64-0.13.3.tgz",
      "integrity": "sha512-Cauhr45KSo+wRUojs+1qfycQqQCAXTOvsWvkZ6xmEMAXLAm+f8RQGDQeP8CAf8Yeelnegcn6UNdvzdzLHhWDFg==",
      "cpu": [
        "arm64"
      ],
      "dev": true,
      "optional": true,
      "os": [
        "linux"
      ]
    },
    "node_modules/esbuild-linux-mips64le": {
      "version": "0.13.3",
      "resolved": "https://registry.npmjs.org/esbuild-linux-mips64le/-/esbuild-linux-mips64le-0.13.3.tgz",
      "integrity": "sha512-YVzJUGCncuuLm2boYyVeuMFsak4ZAhdiBwi0xNDZCC8sy+tS6Boe2mzcrD2uubv5JKAUOrpN186S1DtU4WgBgw==",
      "cpu": [
        "mips64el"
      ],
      "dev": true,
      "optional": true,
      "os": [
        "linux"
      ]
    },
    "node_modules/esbuild-linux-ppc64le": {
      "version": "0.13.3",
      "resolved": "https://registry.npmjs.org/esbuild-linux-ppc64le/-/esbuild-linux-ppc64le-0.13.3.tgz",
      "integrity": "sha512-GU6CqqKtJEoyxC2QWHiJtmuOz9wc/jMv8ZloK2WwiGY5yMvAmM3PI103Dj7xcjebNTHBqITTUw/aigY1wx5A3w==",
      "cpu": [
        "ppc64"
      ],
      "dev": true,
      "optional": true,
      "os": [
        "linux"
      ]
    },
    "node_modules/esbuild-openbsd-64": {
      "version": "0.13.3",
      "resolved": "https://registry.npmjs.org/esbuild-openbsd-64/-/esbuild-openbsd-64-0.13.3.tgz",
      "integrity": "sha512-HVpkgpn4BQt4BPDAjTOpeMub6mzNWw6Y3gaLQJrpbO24pws6ZwYkY24OI3/Uo3LDCbH6856MM81JxECt92OWjA==",
      "cpu": [
        "x64"
      ],
      "dev": true,
      "optional": true,
      "os": [
        "openbsd"
      ]
    },
    "node_modules/esbuild-sunos-64": {
      "version": "0.13.3",
      "resolved": "https://registry.npmjs.org/esbuild-sunos-64/-/esbuild-sunos-64-0.13.3.tgz",
      "integrity": "sha512-XncBVOtnEfUbPV4CaiFBxh38ychnBfwCxuTm9iAqcHzIwkmeNRN5qMzDyfE1jyfJje+Bbt6AvIfz6SdYt8/UEQ==",
      "cpu": [
        "x64"
      ],
      "dev": true,
      "optional": true,
      "os": [
        "sunos"
      ]
    },
    "node_modules/esbuild-windows-32": {
      "version": "0.13.3",
      "resolved": "https://registry.npmjs.org/esbuild-windows-32/-/esbuild-windows-32-0.13.3.tgz",
      "integrity": "sha512-ZlgDz7d1nk8wQACi+z8IDzNZVUlN9iprAme+1YSTsfFDlkyI8jeaGWPk9EQFNY7rJzsLVYm6eZ2mhPioc7uT5A==",
      "cpu": [
        "ia32"
      ],
      "dev": true,
      "optional": true,
      "os": [
        "win32"
      ]
    },
    "node_modules/esbuild-windows-64": {
      "version": "0.13.3",
      "resolved": "https://registry.npmjs.org/esbuild-windows-64/-/esbuild-windows-64-0.13.3.tgz",
      "integrity": "sha512-YX7KvRez3TR+GudlQm9tND/ssj2FsF9vb8ZWzAoZOLxpPzE3y+3SFJNrfDzzQKPzJ0Pnh9KBP4gsaMwJjKHDhw==",
      "cpu": [
        "x64"
      ],
      "dev": true,
      "optional": true,
      "os": [
        "win32"
      ]
    },
    "node_modules/esbuild-windows-arm64": {
      "version": "0.13.3",
      "resolved": "https://registry.npmjs.org/esbuild-windows-arm64/-/esbuild-windows-arm64-0.13.3.tgz",
      "integrity": "sha512-nP7H0Y2a6OJd3Qi1Q8sehhyP4x4JoXK4S5y6FzH2vgaJgiyEurzFxjUufGdMaw+RxtxiwD/uRndUgwaZ2JD8lg==",
      "cpu": [
        "arm64"
      ],
      "dev": true,
      "optional": true,
      "os": [
        "win32"
      ]
    },
    "node_modules/internmap": {
      "version": "1.0.1",
      "resolved": "https://registry.npmjs.org/internmap/-/internmap-1.0.1.tgz",
      "integrity": "sha512-lDB5YccMydFBtasVtxnZ3MRBHuaoE8GKsppq+EchKL2U4nK/DmEpPHNH8MZe5HkMtpSiTSOZwfN0tzYjO/lJEw==",
      "dev": true
    },
    "node_modules/js-tokens": {
      "version": "4.0.0",
      "resolved": "https://registry.npmjs.org/js-tokens/-/js-tokens-4.0.0.tgz",
      "integrity": "sha512-RdJUflcE3cUzKiMqQgsCu06FPu9UdIJO0beYbPhHN4k6apgJtifcoCtT9bcxOpYBtpD2kCM6Sbzg4CausW/PKQ==",
      "dev": true
    },
    "node_modules/loose-envify": {
      "version": "1.4.0",
      "resolved": "https://registry.npmjs.org/loose-envify/-/loose-envify-1.4.0.tgz",
      "integrity": "sha512-lyuxPGr/Wfhrlem2CL/UcnUc1zcqKAImBDzukY7Y5F/yQiNdko6+fRLevlw1HgMySw7f611UIY408EtxRSoK3Q==",
      "dev": true,
      "dependencies": {
        "js-tokens": "^3.0.0 || ^4.0.0"
      },
      "bin": {
        "loose-envify": "cli.js"
      }
    },
    "node_modules/object-assign": {
      "version": "4.1.1",
      "resolved": "https://registry.npmjs.org/object-assign/-/object-assign-4.1.1.tgz",
      "integrity": "sha1-IQmtx5ZYh8/AXLvUQsrIv7s2CGM=",
      "dev": true,
      "engines": {
        "node": ">=0.10.0"
      }
    },
    "node_modules/react": {
      "version": "17.0.2",
      "resolved": "https://registry.npmjs.org/react/-/react-17.0.2.tgz",
      "integrity": "sha512-gnhPt75i/dq/z3/6q/0asP78D0u592D5L1pd7M8P+dck6Fu/jJeL6iVVK23fptSUZj8Vjf++7wXA8UNclGQcbA==",
      "dev": true,
      "dependencies": {
        "loose-envify": "^1.1.0",
        "object-assign": "^4.1.1"
      },
      "engines": {
        "node": ">=0.10.0"
      }
    },
    "node_modules/react-charts": {
      "version": "3.0.0-beta.33",
      "resolved": "https://registry.npmjs.org/react-charts/-/react-charts-3.0.0-beta.33.tgz",
      "integrity": "sha512-c+X/a+vy00fUkNOPgm3KK+WH1tw9MMYOgPigUjXlAqTn36HC+MFysxw34a6Nc47Iee/QJnlaKwSkj3xme9XjWg==",
      "dev": true,
      "dependencies": {
        "@babel/runtime": "^7.14.6",
        "@reach/observe-rect": "^1.2.0",
        "@types/d3-array": "^3.0.1",
        "@types/d3-scale": "^4.0.1",
        "@types/d3-shape": "^3.0.1",
        "@types/raf": "^3.4.0",
        "@types/react": "^17.0.14",
        "@types/react-dom": "^17.0.9",
        "d3-array": "^2.12.1",
        "d3-delaunay": "5.3.0",
        "d3-scale": "^3.3.0",
        "d3-shape": "^2.1.0",
        "d3-time": "^2.1.1",
        "ts-toolbelt": "^9.6.0"
      },
      "funding": {
        "type": "github",
        "url": "https://github.com/sponsors/tannerlinsley"
      },
      "peerDependencies": {
        "react": ">=16",
        "react-dom": ">=16"
      }
    },
    "node_modules/react-dom": {
      "version": "17.0.2",
      "resolved": "https://registry.npmjs.org/react-dom/-/react-dom-17.0.2.tgz",
      "integrity": "sha512-s4h96KtLDUQlsENhMn1ar8t2bEa+q/YAtj8pPPdIjPDGBDIVNsrD9aXNWqspUe6AzKCIG0C1HZZLqLV7qpOBGA==",
      "dev": true,
      "dependencies": {
        "loose-envify": "^1.1.0",
        "object-assign": "^4.1.1",
        "scheduler": "^0.20.2"
      },
      "peerDependencies": {
        "react": "17.0.2"
      }
    },
    "node_modules/regenerator-runtime": {
      "version": "0.13.9",
      "resolved": "https://registry.npmjs.org/regenerator-runtime/-/regenerator-runtime-0.13.9.tgz",
      "integrity": "sha512-p3VT+cOEgxFsRRA9X4lkI1E+k2/CtnKtU4gcxyaCUreilL/vqI6CdZ3wxVUx3UOUg+gnUOQQcRI7BmSI656MYA==",
      "dev": true
    },
    "node_modules/scheduler": {
      "version": "0.20.2",
      "resolved": "https://registry.npmjs.org/scheduler/-/scheduler-0.20.2.tgz",
      "integrity": "sha512-2eWfGgAqqWFGqtdMmcL5zCMK1U8KlXv8SQFGglL3CEtd0aDVDWgeF/YoCmvln55m5zSk3J/20hTaSBeSObsQDQ==",
      "dev": true,
      "dependencies": {
        "loose-envify": "^1.1.0",
        "object-assign": "^4.1.1"
      }
    },
    "node_modules/ts-toolbelt": {
      "version": "9.6.0",
      "resolved": "https://registry.npmjs.org/ts-toolbelt/-/ts-toolbelt-9.6.0.tgz",
      "integrity": "sha512-nsZd8ZeNUzukXPlJmTBwUAuABDe/9qtVDelJeT/qW0ow3ZS3BsQJtNkan1802aM9Uf68/Y8ljw86Hu0h5IUW3w==",
      "dev": true
    },
    "node_modules/typescript": {
      "version": "4.4.3",
      "resolved": "https://registry.npmjs.org/typescript/-/typescript-4.4.3.tgz",
      "integrity": "sha512-4xfscpisVgqqDfPaJo5vkd+Qd/ItkoagnHpufr+i2QCHBsNYp+G7UAoyFl8aPtx879u38wPV65rZ8qbGZijalA==",
      "dev": true,
      "bin": {
        "tsc": "bin/tsc",
        "tsserver": "bin/tsserver"
      },
      "engines": {
        "node": ">=4.2.0"
      }
    }
  },
  "dependencies": {
    "@babel/runtime": {
      "version": "7.15.4",
      "resolved": "https://registry.npmjs.org/@babel/runtime/-/runtime-7.15.4.tgz",
      "integrity": "sha512-99catp6bHCaxr4sJ/DbTGgHS4+Rs2RVd2g7iOap6SLGPDknRK9ztKNsE/Fg6QhSeh1FGE5f6gHGQmvvn3I3xhw==",
      "dev": true,
      "requires": {
        "regenerator-runtime": "^0.13.4"
      }
    },
    "@reach/observe-rect": {
      "version": "1.2.0",
      "resolved": "https://registry.npmjs.org/@reach/observe-rect/-/observe-rect-1.2.0.tgz",
      "integrity": "sha512-Ba7HmkFgfQxZqqaeIWWkNK0rEhpxVQHIoVyW1YDSkGsGIXzcaW4deC8B0pZrNSSyLTdIk7y+5olKt5+g0GmFIQ==",
      "dev": true
    },
    "@types/d3-array": {
      "version": "3.0.1",
      "resolved": "https://registry.npmjs.org/@types/d3-array/-/d3-array-3.0.1.tgz",
      "integrity": "sha512-D/G7oG0czeszALrkdUiV68CDiHDxXf+M2mLVqAyKktGd12VKQQljj1sHJGBKjcK4jRH1biBd6ZPQPHpJ0mNa0w==",
      "dev": true
    },
    "@types/d3-path": {
      "version": "3.0.0",
      "resolved": "https://registry.npmjs.org/@types/d3-path/-/d3-path-3.0.0.tgz",
      "integrity": "sha512-0g/A+mZXgFkQxN3HniRDbXMN79K3CdTpLsevj+PXiTcb2hVyvkZUBg37StmgCQkaD84cUJ4uaDAWq7UJOQy2Tg==",
      "dev": true
    },
    "@types/d3-scale": {
      "version": "4.0.1",
      "resolved": "https://registry.npmjs.org/@types/d3-scale/-/d3-scale-4.0.1.tgz",
      "integrity": "sha512-GDuXcRcR6mKcpUVMhPNttpOzHi2dP6YcDqLZYSZHgwTZ+sfCa8e9q0VEBwZomblAPNMYpVqxojnSyIEb4s/Pwg==",
      "dev": true,
      "requires": {
        "@types/d3-time": "*"
      }
    },
    "@types/d3-shape": {
      "version": "3.0.2",
      "resolved": "https://registry.npmjs.org/@types/d3-shape/-/d3-shape-3.0.2.tgz",
      "integrity": "sha512-5+ButCmIfNX8id5seZ7jKj3igdcxx+S9IDBiT35fQGTLZUfkFgTv+oBH34xgeoWDKpWcMITSzBILWQtBoN5Piw==",
      "dev": true,
      "requires": {
        "@types/d3-path": "*"
      }
    },
    "@types/d3-time": {
      "version": "3.0.0",
      "resolved": "https://registry.npmjs.org/@types/d3-time/-/d3-time-3.0.0.tgz",
      "integrity": "sha512-sZLCdHvBUcNby1cB6Fd3ZBrABbjz3v1Vm90nysCQ6Vt7vd6e/h9Lt7SiJUoEX0l4Dzc7P5llKyhqSi1ycSf1Hg==",
      "dev": true
    },
    "@types/prop-types": {
      "version": "15.7.4",
      "resolved": "https://registry.npmjs.org/@types/prop-types/-/prop-types-15.7.4.tgz",
      "integrity": "sha512-rZ5drC/jWjrArrS8BR6SIr4cWpW09RNTYt9AMZo3Jwwif+iacXAqgVjm0B0Bv/S1jhDXKHqRVNCbACkJ89RAnQ==",
      "dev": true
    },
    "@types/raf": {
      "version": "3.4.0",
      "resolved": "https://registry.npmjs.org/@types/raf/-/raf-3.4.0.tgz",
      "integrity": "sha512-taW5/WYqo36N7V39oYyHP9Ipfd5pNFvGTIQsNGj86xV88YQ7GnI30/yMfKDF7Zgin0m3e+ikX88FvImnK4RjGw==",
      "dev": true
    },
    "@types/react": {
      "version": "17.0.27",
      "resolved": "https://registry.npmjs.org/@types/react/-/react-17.0.27.tgz",
      "integrity": "sha512-zgiJwtsggVGtr53MndV7jfiUESTqrbxOcBvwfe6KS/9bzaVPCTDieTWnFNecVNx6EAaapg5xsLLWFfHHR437AA==",
      "dev": true,
      "requires": {
        "@types/prop-types": "*",
        "@types/scheduler": "*",
        "csstype": "^3.0.2"
      }
    },
    "@types/react-dom": {
      "version": "17.0.9",
      "resolved": "https://registry.npmjs.org/@types/react-dom/-/react-dom-17.0.9.tgz",
      "integrity": "sha512-wIvGxLfgpVDSAMH5utdL9Ngm5Owu0VsGmldro3ORLXV8CShrL8awVj06NuEXFQ5xyaYfdca7Sgbk/50Ri1GdPg==",
      "dev": true,
      "requires": {
        "@types/react": "*"
      }
    },
    "@types/scheduler": {
      "version": "0.16.2",
      "resolved": "https://registry.npmjs.org/@types/scheduler/-/scheduler-0.16.2.tgz",
      "integrity": "sha512-hppQEBDmlwhFAXKJX2KnWLYu5yMfi91yazPb2l+lbJiwW+wdo1gNeRA+3RgNSO39WYX2euey41KEwnqesU2Jew==",
      "dev": true
    },
    "csstype": {
      "version": "3.0.9",
      "resolved": "https://registry.npmjs.org/csstype/-/csstype-3.0.9.tgz",
      "integrity": "sha512-rpw6JPxK6Rfg1zLOYCSwle2GFOOsnjmDYDaBwEcwoOg4qlsIVCN789VkBZDJAGi4T07gI4YSutR43t9Zz4Lzuw==",
      "dev": true
    },
    "d3-array": {
      "version": "2.12.1",
      "resolved": "https://registry.npmjs.org/d3-array/-/d3-array-2.12.1.tgz",
      "integrity": "sha512-B0ErZK/66mHtEsR1TkPEEkwdy+WDesimkM5gpZr5Dsg54BiTA5RXtYW5qTLIAcekaS9xfZrzBLF/OAkB3Qn1YQ==",
      "dev": true,
      "requires": {
        "internmap": "^1.0.0"
      }
    },
    "d3-color": {
      "version": "2.0.0",
      "resolved": "https://registry.npmjs.org/d3-color/-/d3-color-2.0.0.tgz",
      "integrity": "sha512-SPXi0TSKPD4g9tw0NMZFnR95XVgUZiBH+uUTqQuDu1OsE2zomHU7ho0FISciaPvosimixwHFl3WHLGabv6dDgQ==",
      "dev": true
    },
    "d3-delaunay": {
      "version": "5.3.0",
      "resolved": "https://registry.npmjs.org/d3-delaunay/-/d3-delaunay-5.3.0.tgz",
      "integrity": "sha512-amALSrOllWVLaHTnDLHwMIiz0d1bBu9gZXd1FiLfXf8sHcX9jrcj81TVZOqD4UX7MgBZZ07c8GxzEgBpJqc74w==",
      "dev": true,
      "requires": {
        "delaunator": "4"
      }
    },
    "d3-format": {
      "version": "2.0.0",
      "resolved": "https://registry.npmjs.org/d3-format/-/d3-format-2.0.0.tgz",
      "integrity": "sha512-Ab3S6XuE/Q+flY96HXT0jOXcM4EAClYFnRGY5zsjRGNy6qCYrQsMffs7cV5Q9xejb35zxW5hf/guKw34kvIKsA==",
      "dev": true
    },
    "d3-interpolate": {
      "version": "2.0.1",
      "resolved": "https://registry.npmjs.org/d3-interpolate/-/d3-interpolate-2.0.1.tgz",
      "integrity": "sha512-c5UhwwTs/yybcmTpAVqwSFl6vrQ8JZJoT5F7xNFK9pymv5C0Ymcc9/LIJHtYIggg/yS9YHw8i8O8tgb9pupjeQ==",
      "dev": true,
      "requires": {
        "d3-color": "1 - 2"
      }
    },
    "d3-path": {
      "version": "2.0.0",
      "resolved": "https://registry.npmjs.org/d3-path/-/d3-path-2.0.0.tgz",
      "integrity": "sha512-ZwZQxKhBnv9yHaiWd6ZU4x5BtCQ7pXszEV9CU6kRgwIQVQGLMv1oiL4M+MK/n79sYzsj+gcgpPQSctJUsLN7fA==",
      "dev": true
    },
    "d3-scale": {
      "version": "3.3.0",
      "resolved": "https://registry.npmjs.org/d3-scale/-/d3-scale-3.3.0.tgz",
      "integrity": "sha512-1JGp44NQCt5d1g+Yy+GeOnZP7xHo0ii8zsQp6PGzd+C1/dl0KGsp9A7Mxwp+1D1o4unbTTxVdU/ZOIEBoeZPbQ==",
      "dev": true,
      "requires": {
        "d3-array": "^2.3.0",
        "d3-format": "1 - 2",
        "d3-interpolate": "1.2.0 - 2",
        "d3-time": "^2.1.1",
        "d3-time-format": "2 - 3"
      }
    },
    "d3-shape": {
      "version": "2.1.0",
      "resolved": "https://registry.npmjs.org/d3-shape/-/d3-shape-2.1.0.tgz",
      "integrity": "sha512-PnjUqfM2PpskbSLTJvAzp2Wv4CZsnAgTfcVRTwW03QR3MkXF8Uo7B1y/lWkAsmbKwuecto++4NlsYcvYpXpTHA==",
      "dev": true,
      "requires": {
        "d3-path": "1 - 2"
      }
    },
    "d3-time": {
      "version": "2.1.1",
      "resolved": "https://registry.npmjs.org/d3-time/-/d3-time-2.1.1.tgz",
      "integrity": "sha512-/eIQe/eR4kCQwq7yxi7z4c6qEXf2IYGcjoWB5OOQy4Tq9Uv39/947qlDcN2TLkiTzQWzvnsuYPB9TrWaNfipKQ==",
      "dev": true,
      "requires": {
        "d3-array": "2"
      }
    },
    "d3-time-format": {
      "version": "3.0.0",
      "resolved": "https://registry.npmjs.org/d3-time-format/-/d3-time-format-3.0.0.tgz",
      "integrity": "sha512-UXJh6EKsHBTjopVqZBhFysQcoXSv/5yLONZvkQ5Kk3qbwiUYkdX17Xa1PT6U1ZWXGGfB1ey5L8dKMlFq2DO0Ag==",
      "dev": true,
      "requires": {
        "d3-time": "1 - 2"
      }
    },
    "delaunator": {
      "version": "4.0.1",
      "resolved": "https://registry.npmjs.org/delaunator/-/delaunator-4.0.1.tgz",
      "integrity": "sha512-WNPWi1IRKZfCt/qIDMfERkDp93+iZEmOxN2yy4Jg+Xhv8SLk2UTqqbe1sfiipn0and9QrE914/ihdx82Y/Giag==",
      "dev": true
    },
    "esbuild": {
      "version": "0.13.3",
      "resolved": "https://registry.npmjs.org/esbuild/-/esbuild-0.13.3.tgz",
      "integrity": "sha512-98xovMLKnyhv3gcReUuAEi5Ig1rK6SIgvsJuBIcfwzqGSEHsV8UJjMlmkhHoHMf9XZybMpE9Zax8AA8f7i2hlQ==",
      "dev": true,
      "requires": {
        "esbuild-android-arm64": "0.13.3",
        "esbuild-darwin-64": "0.13.3",
        "esbuild-darwin-arm64": "0.13.3",
        "esbuild-freebsd-64": "0.13.3",
        "esbuild-freebsd-arm64": "0.13.3",
        "esbuild-linux-32": "0.13.3",
        "esbuild-linux-64": "0.13.3",
        "esbuild-linux-arm": "0.13.3",
        "esbuild-linux-arm64": "0.13.3",
        "esbuild-linux-mips64le": "0.13.3",
        "esbuild-linux-ppc64le": "0.13.3",
        "esbuild-openbsd-64": "0.13.3",
        "esbuild-sunos-64": "0.13.3",
        "esbuild-windows-32": "0.13.3",
        "esbuild-windows-64": "0.13.3",
        "esbuild-windows-arm64": "0.13.3"
      }
    },
    "esbuild-android-arm64": {
      "version": "0.13.3",
      "resolved": "https://registry.npmjs.org/esbuild-android-arm64/-/esbuild-android-arm64-0.13.3.tgz",
      "integrity": "sha512-jc9E8vGTHkzb0Vwl74H8liANV9BWsqtzLHaKvcsRgf1M+aVCBSF0gUheduAKfDsbDMT0judeMLhwBP34EUesTA==",
      "dev": true,
      "optional": true
    },
    "esbuild-darwin-64": {
      "version": "0.13.3",
      "resolved": "https://registry.npmjs.org/esbuild-darwin-64/-/esbuild-darwin-64-0.13.3.tgz",
      "integrity": "sha512-8bG3Zq+ZNuLlIJebOO2+weI7P2LVf33sOzaUfHj8MuJ+1Ixe4KtQxfYp7qhFnP6xP2ToJaYHxGUfLeiUCEz9hw==",
      "dev": true,
      "optional": true
    },
    "esbuild-darwin-arm64": {
      "version": "0.13.3",
      "resolved": "https://registry.npmjs.org/esbuild-darwin-arm64/-/esbuild-darwin-arm64-0.13.3.tgz",
      "integrity": "sha512-5E81eImYtTgh8pY7Gq4WQHhWkR/LvYadUXmuYeZBiP+3ADZJZcG60UFceZrjqNPaFOWKr/xmh4aNocwagEubcA==",
      "dev": true,
      "optional": true
    },
    "esbuild-freebsd-64": {
      "version": "0.13.3",
      "resolved": "https://registry.npmjs.org/esbuild-freebsd-64/-/esbuild-freebsd-64-0.13.3.tgz",
      "integrity": "sha512-ou+f91KkTGexi8HvF/BdtsITL6plbciQfZGys7QX6/QEwyE96PmL5KnU6ZQwoU7E99Ts6Sc9bUDq8HXJubKtBA==",
      "dev": true,
      "optional": true
    },
    "esbuild-freebsd-arm64": {
      "version": "0.13.3",
      "resolved": "https://registry.npmjs.org/esbuild-freebsd-arm64/-/esbuild-freebsd-arm64-0.13.3.tgz",
      "integrity": "sha512-F1zV7nySjHswJuvIgjkiG5liZ63MeazDGXGKViTCeegjZ71sAhOChcaGhKcu6vq9+vqZxlfEi1fmXlx6Pc3coQ==",
      "dev": true,
      "optional": true
    },
    "esbuild-linux-32": {
      "version": "0.13.3",
      "resolved": "https://registry.npmjs.org/esbuild-linux-32/-/esbuild-linux-32-0.13.3.tgz",
      "integrity": "sha512-mHHc2v6uLrHH4zaaq5RB/5IWzgimEJ1HGldzf1qtGI513KZWfH0HRRQ8p1di4notJgBn7tDzWQ1f34ZHy69viQ==",
      "dev": true,
      "optional": true
    },
    "esbuild-linux-64": {
      "version": "0.13.3",
      "resolved": "https://registry.npmjs.org/esbuild-linux-64/-/esbuild-linux-64-0.13.3.tgz",
      "integrity": "sha512-FJ1De2O89mrOuqtaEXu41qIYJU6R41F+OA6vheNwcAQcX8fu0aiA13FJeLABq29BYJuTVgRj3cyC8q+tz19/dQ==",
      "dev": true,
      "optional": true
    },
    "esbuild-linux-arm": {
      "version": "0.13.3",
      "resolved": "https://registry.npmjs.org/esbuild-linux-arm/-/esbuild-linux-arm-0.13.3.tgz",
      "integrity": "sha512-9BJNRtLwBh3OP22cln9g3AJdbAQUcjRHqA4BScx9k4RZpGqPokFr548zpeplxWhcwrIjT8qPebwH9CrRVy8Bsw==",
      "dev": true,
      "optional": true
    },
    "esbuild-linux-arm64": {
      "version": "0.13.3",
      "resolved": "https://registry.npmjs.org/esbuild-linux-arm64/-/esbuild-linux-arm64-0.13.3.tgz",
      "integrity": "sha512-Cauhr45KSo+wRUojs+1qfycQqQCAXTOvsWvkZ6xmEMAXLAm+f8RQGDQeP8CAf8Yeelnegcn6UNdvzdzLHhWDFg==",
      "dev": true,
      "optional": true
    },
    "esbuild-linux-mips64le": {
      "version": "0.13.3",
      "resolved": "https://registry.npmjs.org/esbuild-linux-mips64le/-/esbuild-linux-mips64le-0.13.3.tgz",
      "integrity": "sha512-YVzJUGCncuuLm2boYyVeuMFsak4ZAhdiBwi0xNDZCC8sy+tS6Boe2mzcrD2uubv5JKAUOrpN186S1DtU4WgBgw==",
      "dev": true,
      "optional": true
    },
    "esbuild-linux-ppc64le": {
      "version": "0.13.3",
      "resolved": "https://registry.npmjs.org/esbuild-linux-ppc64le/-/esbuild-linux-ppc64le-0.13.3.tgz",
      "integrity": "sha512-GU6CqqKtJEoyxC2QWHiJtmuOz9wc/jMv8ZloK2WwiGY5yMvAmM3PI103Dj7xcjebNTHBqITTUw/aigY1wx5A3w==",
      "dev": true,
      "optional": true
    },
    "esbuild-openbsd-64": {
      "version": "0.13.3",
      "resolved": "https://registry.npmjs.org/esbuild-openbsd-64/-/esbuild-openbsd-64-0.13.3.tgz",
      "integrity": "sha512-HVpkgpn4BQt4BPDAjTOpeMub6mzNWw6Y3gaLQJrpbO24pws6ZwYkY24OI3/Uo3LDCbH6856MM81JxECt92OWjA==",
      "dev": true,
      "optional": true
    },
    "esbuild-sunos-64": {
      "version": "0.13.3",
      "resolved": "https://registry.npmjs.org/esbuild-sunos-64/-/esbuild-sunos-64-0.13.3.tgz",
      "integrity": "sha512-XncBVOtnEfUbPV4CaiFBxh38ychnBfwCxuTm9iAqcHzIwkmeNRN5qMzDyfE1jyfJje+Bbt6AvIfz6SdYt8/UEQ==",
      "dev": true,
      "optional": true
    },
    "esbuild-windows-32": {
      "version": "0.13.3",
      "resolved": "https://registry.npmjs.org/esbuild-windows-32/-/esbuild-windows-32-0.13.3.tgz",
      "integrity": "sha512-ZlgDz7d1nk8wQACi+z8IDzNZVUlN9iprAme+1YSTsfFDlkyI8jeaGWPk9EQFNY7rJzsLVYm6eZ2mhPioc7uT5A==",
      "dev": true,
      "optional": true
    },
    "esbuild-windows-64": {
      "version": "0.13.3",
      "resolved": "https://registry.npmjs.org/esbuild-windows-64/-/esbuild-windows-64-0.13.3.tgz",
      "integrity": "sha512-YX7KvRez3TR+GudlQm9tND/ssj2FsF9vb8ZWzAoZOLxpPzE3y+3SFJNrfDzzQKPzJ0Pnh9KBP4gsaMwJjKHDhw==",
      "dev": true,
      "optional": true
    },
    "esbuild-windows-arm64": {
      "version": "0.13.3",
      "resolved": "https://registry.npmjs.org/esbuild-windows-arm64/-/esbuild-windows-arm64-0.13.3.tgz",
      "integrity": "sha512-nP7H0Y2a6OJd3Qi1Q8sehhyP4x4JoXK4S5y6FzH2vgaJgiyEurzFxjUufGdMaw+RxtxiwD/uRndUgwaZ2JD8lg==",
      "dev": true,
      "optional": true
    },
    "internmap": {
      "version": "1.0.1",
      "resolved": "https://registry.npmjs.org/internmap/-/internmap-1.0.1.tgz",
      "integrity": "sha512-lDB5YccMydFBtasVtxnZ3MRBHuaoE8GKsppq+EchKL2U4nK/DmEpPHNH8MZe5HkMtpSiTSOZwfN0tzYjO/lJEw==",
      "dev": true
    },
    "js-tokens": {
      "version": "4.0.0",
      "resolved": "https://registry.npmjs.org/js-tokens/-/js-tokens-4.0.0.tgz",
      "integrity": "sha512-RdJUflcE3cUzKiMqQgsCu06FPu9UdIJO0beYbPhHN4k6apgJtifcoCtT9bcxOpYBtpD2kCM6Sbzg4CausW/PKQ==",
      "dev": true
    },
    "loose-envify": {
      "version": "1.4.0",
      "resolved": "https://registry.npmjs.org/loose-envify/-/loose-envify-1.4.0.tgz",
      "integrity": "sha512-lyuxPGr/Wfhrlem2CL/UcnUc1zcqKAImBDzukY7Y5F/yQiNdko6+fRLevlw1HgMySw7f611UIY408EtxRSoK3Q==",
      "dev": true,
      "requires": {
        "js-tokens": "^3.0.0 || ^4.0.0"
      }
    },
    "object-assign": {
      "version": "4.1.1",
      "resolved": "https://registry.npmjs.org/object-assign/-/object-assign-4.1.1.tgz",
      "integrity": "sha1-IQmtx5ZYh8/AXLvUQsrIv7s2CGM=",
      "dev": true
    },
    "react": {
      "version": "17.0.2",
      "resolved": "https://registry.npmjs.org/react/-/react-17.0.2.tgz",
      "integrity": "sha512-gnhPt75i/dq/z3/6q/0asP78D0u592D5L1pd7M8P+dck6Fu/jJeL6iVVK23fptSUZj8Vjf++7wXA8UNclGQcbA==",
      "dev": true,
      "requires": {
        "loose-envify": "^1.1.0",
        "object-assign": "^4.1.1"
      }
    },
    "react-charts": {
      "version": "3.0.0-beta.33",
      "resolved": "https://registry.npmjs.org/react-charts/-/react-charts-3.0.0-beta.33.tgz",
      "integrity": "sha512-c+X/a+vy00fUkNOPgm3KK+WH1tw9MMYOgPigUjXlAqTn36HC+MFysxw34a6Nc47Iee/QJnlaKwSkj3xme9XjWg==",
      "dev": true,
      "requires": {
        "@babel/runtime": "^7.14.6",
        "@reach/observe-rect": "^1.2.0",
        "@types/d3-array": "^3.0.1",
        "@types/d3-scale": "^4.0.1",
        "@types/d3-shape": "^3.0.1",
        "@types/raf": "^3.4.0",
        "@types/react": "^17.0.14",
        "@types/react-dom": "^17.0.9",
        "d3-array": "^2.12.1",
        "d3-delaunay": "5.3.0",
        "d3-scale": "^3.3.0",
        "d3-shape": "^2.1.0",
        "d3-time": "^2.1.1",
        "ts-toolbelt": "^9.6.0"
      }
    },
    "react-dom": {
      "version": "17.0.2",
      "resolved": "https://registry.npmjs.org/react-dom/-/react-dom-17.0.2.tgz",
      "integrity": "sha512-s4h96KtLDUQlsENhMn1ar8t2bEa+q/YAtj8pPPdIjPDGBDIVNsrD9aXNWqspUe6AzKCIG0C1HZZLqLV7qpOBGA==",
      "dev": true,
      "requires": {
        "loose-envify": "^1.1.0",
        "object-assign": "^4.1.1",
        "scheduler": "^0.20.2"
      }
    },
    "regenerator-runtime": {
      "version": "0.13.9",
      "resolved": "https://registry.npmjs.org/regenerator-runtime/-/regenerator-runtime-0.13.9.tgz",
      "integrity": "sha512-p3VT+cOEgxFsRRA9X4lkI1E+k2/CtnKtU4gcxyaCUreilL/vqI6CdZ3wxVUx3UOUg+gnUOQQcRI7BmSI656MYA==",
      "dev": true
    },
    "scheduler": {
      "version": "0.20.2",
      "resolved": "https://registry.npmjs.org/scheduler/-/scheduler-0.20.2.tgz",
      "integrity": "sha512-2eWfGgAqqWFGqtdMmcL5zCMK1U8KlXv8SQFGglL3CEtd0aDVDWgeF/YoCmvln55m5zSk3J/20hTaSBeSObsQDQ==",
      "dev": true,
      "requires": {
        "loose-envify": "^1.1.0",
        "object-assign": "^4.1.1"
      }
    },
    "ts-toolbelt": {
      "version": "9.6.0",
      "resolved": "https://registry.npmjs.org/ts-toolbelt/-/ts-toolbelt-9.6.0.tgz",
      "integrity": "sha512-nsZd8ZeNUzukXPlJmTBwUAuABDe/9qtVDelJeT/qW0ow3ZS3BsQJtNkan1802aM9Uf68/Y8ljw86Hu0h5IUW3w==",
      "dev": true
    },
    "typescript": {
      "version": "4.4.3",
      "resolved": "https://registry.npmjs.org/typescript/-/typescript-4.4.3.tgz",
      "integrity": "sha512-4xfscpisVgqqDfPaJo5vkd+Qd/ItkoagnHpufr+i2QCHBsNYp+G7UAoyFl8aPtx879u38wPV65rZ8qbGZijalA==",
      "dev": true
    }
  }
}
